
Microsoft Visual Studio Solution File, Format Version 12.00
# Visual Studio Version 17
VisualStudioVersion = 17.2.32630.192
MinimumVisualStudioVersion = 10.0.40219.1
Project("{9A19103F-16F7-4668-BE54-9A1E7A4F7556}") = "UAa OJ", "UAa OJ.csproj", "{B2DD107E-8EC9-432C-BC4B-70571BAD95C1}"
EndProject
Global
	GlobalSection(SolutionConfigurationPlatforms) = preSolution
		Debug|Any CPU = Debug|Any CPU
		Release|Any CPU = Release|Any CPU
	EndGlobalSection
	GlobalSection(ProjectConfigurationPlatforms) = postSolution
		{B2DD107E-8EC9-432C-BC4B-70571BAD95C1}.Debug|Any CPU.ActiveCfg = Debug|Any CPU
		{B2DD107E-8EC9-432C-BC4B-70571BAD95C1}.Debug|Any CPU.Build.0 = Debug|Any CPU
		{B2DD107E-8EC9-432C-BC4B-70571BAD95C1}.Release|Any CPU.ActiveCfg = Release|Any CPU
		{B2DD107E-8EC9-432C-BC4B-70571BAD95C1}.Release|Any CPU.Build.0 = Release|Any CPU
	EndGlobalSection
	GlobalSection(SolutionProperties) = preSolution
		HideSolutionNode = FALSE
	EndGlobalSection
	GlobalSection(ExtensibilityGlobals) = postSolution
		SolutionGuid = {D1657F4A-E41C-4AAB-89E0-5D0ED73D426E}
	EndGlobalSection
EndGlobal
